
Microsoft Visual Studio Solution File, Format Version 12.00
# Visual Studio Version 17
VisualStudioVersion = 17.12.35728.132
MinimumVisualStudioVersion = 10.0.40219.1
Project("{FAE04EC0-301F-11D3-BF4B-00C04F79EFBC}") = "ApiDemo", "ApiDemo\ApiDemo.csproj", "{65326AC8-4247-43F9-86AA-967FDAAA6BCF}"
EndProject
Project("{FAE04EC0-301F-11D3-BF4B-00C04F79EFBC}") = "DemoApi.Core", "DemoApi.Core\DemoApi.Core.csproj", "{72AE6A7F-8F5D-46BD-A54B-5E48302254DD}"
EndProject
Global
	GlobalSection(SolutionConfigurationPlatforms) = preSolution
		Debug|Any CPU = Debug|Any CPU
		Release|Any CPU = Release|Any CPU
	EndGlobalSection
	GlobalSection(ProjectConfigurationPlatforms) = postSolution
		{65326AC8-4247-43F9-86AA-967FDAAA6BCF}.Debug|Any CPU.ActiveCfg = Debug|Any CPU
		{65326AC8-4247-43F9-86AA-967FDAAA6BCF}.Debug|Any CPU.Build.0 = Debug|Any CPU
		{65326AC8-4247-43F9-86AA-967FDAAA6BCF}.Release|Any CPU.ActiveCfg = Release|Any CPU
		{65326AC8-4247-43F9-86AA-967FDAAA6BCF}.Release|Any CPU.Build.0 = Release|Any CPU
		{72AE6A7F-8F5D-46BD-A54B-5E48302254DD}.Debug|Any CPU.ActiveCfg = Debug|Any CPU
		{72AE6A7F-8F5D-46BD-A54B-5E48302254DD}.Debug|Any CPU.Build.0 = Debug|Any CPU
		{72AE6A7F-8F5D-46BD-A54B-5E48302254DD}.Release|Any CPU.ActiveCfg = Release|Any CPU
		{72AE6A7F-8F5D-46BD-A54B-5E48302254DD}.Release|Any CPU.Build.0 = Release|Any CPU
	EndGlobalSection
	GlobalSection(SolutionProperties) = preSolution
		HideSolutionNode = FALSE
	EndGlobalSection
EndGlobal
